// !$*UTF8*$!
{
	archiveVersion = 1;
	classes = {
	};
	objectVersion = 56;
	objects = {

/* Begin PBXBuildFile section */
		8B0D81642D77337B004675D7 /* UITestingDemoApp.swift in Sources */ = {isa = PBXBuildFile; fileRef = 8B0D81632D77337B004675D7 /* UITestingDemoApp.swift */; };
		8B0D81662D77337B004675D7 /* UITestingBootcampView.swift in Sources */ = {isa = PBXBuildFile; fileRef = 8B0D81652D77337B004675D7 /* UITestingBootcampView.swift */; };
		8B0D81682D77337D004675D7 /* Assets.xcassets in Resources */ = {isa = PBXBuildFile; fileRef = 8B0D81672D77337D004675D7 /* Assets.xcassets */; };
		8B0D816B2D77337D004675D7 /* Preview Assets.xcassets in Resources */ = {isa = PBXBuildFile; fileRef = 8B0D816A2D77337D004675D7 /* Preview Assets.xcassets */; };
		8B0D81782D77341A004675D7 /* UITestingDemo_UITests.swift in Sources */ = {isa = PBXBuildFile; fileRef = 8B0D81772D77341A004675D7 /* UITestingDemo_UITests.swift */; };
		8B0D817A2D77341A004675D7 /* UITestingDemo_UITestsLaunchTests.swift in Sources */ = {isa = PBXBuildFile; fileRef = 8B0D81792D77341A004675D7 /* UITestingDemo_UITestsLaunchTests.swift */; };
		8B0D81812D77344E004675D7 /* UITestingBootcampView_UITests.swift in Sources */ = {isa = PBXBuildFile; fileRef = 8B0D81802D77344E004675D7 /* UITestingBootcampView_UITests.swift */; };
/* End PBXBuildFile section */

/* Begin PBXContainerItemProxy section */
		8B0D817B2D77341A004675D7 /* PBXContainerItemProxy */ = {
			isa = PBXContainerItemProxy;
			containerPortal = 8B0D81582D77337B004675D7 /* Project object */;
			proxyType = 1;
			remoteGlobalIDString = 8B0D815F2D77337B004675D7;
			remoteInfo = UITestingDemo;
		};
/* End PBXContainerItemProxy section */

/* Begin PBXFileReference section */
		8B0D81602D77337B004675D7 /* UITestingDemo.app */ = {isa = PBXFileReference; explicitFileType = wrapper.application; includeInIndex = 0; path = UITestingDemo.app; sourceTree = BUILT_PRODUCTS_DIR; };
		8B0D81632D77337B004675D7 /* UITestingDemoApp.swift */ = {isa = PBXFileReference; lastKnownFileType = sourcecode.swift; path = UITestingDemoApp.swift; sourceTree = "<group>"; };
		8B0D81652D77337B004675D7 /* UITestingBootcampView.swift */ = {isa = PBXFileReference; lastKnownFileType = sourcecode.swift; path = UITestingBootcampView.swift; sourceTree = "<group>"; };
		8B0D81672D77337D004675D7 /* Assets.xcassets */ = {isa = PBXFileReference; lastKnownFileType = folder.assetcatalog; path = Assets.xcassets; sourceTree = "<group>"; };
		8B0D816A2D77337D004675D7 /* Preview Assets.xcassets */ = {isa = PBXFileReference; lastKnownFileType = folder.assetcatalog; path = "Preview Assets.xcassets"; sourceTree = "<group>"; };
		8B0D81752D77341A004675D7 /* UITestingDemo_UITests.xctest */ = {isa = PBXFileReference; explicitFileType = wrapper.cfbundle; includeInIndex = 0; path = UITestingDemo_UITests.xctest; sourceTree = BUILT_PRODUCTS_DIR; };
		8B0D81772D77341A004675D7 /* UITestingDemo_UITests.swift */ = {isa = PBXFileReference; lastKnownFileType = sourcecode.swift; path = UITestingDemo_UITests.swift; sourceTree = "<group>"; };
		8B0D81792D77341A004675D7 /* UITestingDemo_UITestsLaunchTests.swift */ = {isa = PBXFileReference; lastKnownFileType = sourcecode.swift; path = UITestingDemo_UITestsLaunchTests.swift; sourceTree = "<group>"; };
		8B0D81802D77344E004675D7 /* UITestingBootcampView_UITests.swift */ = {isa = PBXFileReference; lastKnownFileType = sourcecode.swift; path = UITestingBootcampView_UITests.swift; sourceTree = "<group>"; };
/* End PBXFileReference section */

/* Begin PBXFrameworksBuildPhase section */
		8B0D815D2D77337B004675D7 /* Frameworks */ = {
			isa = PBXFrameworksBuildPhase;
			buildActionMask = 2147483647;
			files = (
			);
			runOnlyForDeploymentPostprocessing = 0;
		};
		8B0D81722D77341A004675D7 /* Frameworks */ = {
			isa = PBXFrameworksBuildPhase;
			buildActionMask = 2147483647;
			files = (
			);
			runOnlyForDeploymentPostprocessing = 0;
		};
/* End PBXFrameworksBuildPhase section */

/* Begin PBXGroup section */
		8B0D81572D77337B004675D7 = {
			isa = PBXGroup;
			children = (
				8B0D81622D77337B004675D7 /* UITestingDemo */,
				8B0D81762D77341A004675D7 /* UITestingDemo_UITests */,
				8B0D81612D77337B004675D7 /* Products */,
			);
			sourceTree = "<group>";
		};
		8B0D81612D77337B004675D7 /* Products */ = {
			isa = PBXGroup;
			children = (
				8B0D81602D77337B004675D7 /* UITestingDemo.app */,
				8B0D81752D77341A004675D7 /* UITestingDemo_UITests.xctest */,
			);
			name = Products;
			sourceTree = "<group>";
		};
		8B0D81622D77337B004675D7 /* UITestingDemo */ = {
			isa = PBXGroup;
			children = (
				8B0D81632D77337B004675D7 /* UITestingDemoApp.swift */,
				8B0D81652D77337B004675D7 /* UITestingBootcampView.swift */,
				8B0D81672D77337D004675D7 /* Assets.xcassets */,
				8B0D81692D77337D004675D7 /* Preview Content */,
			);
			path = UITestingDemo;
			sourceTree = "<group>";
		};
		8B0D81692D77337D004675D7 /* Preview Content */ = {
			isa = PBXGroup;
			children = (
				8B0D816A2D77337D004675D7 /* Preview Assets.xcassets */,
			);
			path = "Preview Content";
			sourceTree = "<group>";
		};
		8B0D81762D77341A004675D7 /* UITestingDemo_UITests */ = {
			isa = PBXGroup;
			children = (
				8B0D81772D77341A004675D7 /* UITestingDemo_UITests.swift */,
				8B0D81792D77341A004675D7 /* UITestingDemo_UITestsLaunchTests.swift */,
				8B0D81802D77344E004675D7 /* UITestingBootcampView_UITests.swift */,
			);
			path = UITestingDemo_UITests;
			sourceTree = "<group>";
		};
/* End PBXGroup section */

/* Begin PBXNativeTarget section */
		8B0D815F2D77337B004675D7 /* UITestingDemo */ = {
			isa = PBXNativeTarget;
			buildConfigurationList = 8B0D816E2D77337D004675D7 /* Build configuration list for PBXNativeTarget "UITestingDemo" */;
			buildPhases = (
				8B0D815C2D77337B004675D7 /* Sources */,
				8B0D815D2D77337B004675D7 /* Frameworks */,
				8B0D815E2D77337B004675D7 /* Resources */,
			);
			buildRules = (
			);
			dependencies = (
			);
			name = UITestingDemo;
			productName = UITestingDemo;
			productReference = 8B0D81602D77337B004675D7 /* UITestingDemo.app */;
			productType = "com.apple.product-type.application";
		};
		8B0D81742D77341A004675D7 /* UITestingDemo_UITests */ = {
			isa = PBXNativeTarget;
			buildConfigurationList = 8B0D817D2D77341A004675D7 /* Build configuration list for PBXNativeTarget "UITestingDemo_UITests" */;
			buildPhases = (
				8B0D81712D77341A004675D7 /* Sources */,
				8B0D81722D77341A004675D7 /* Frameworks */,
				8B0D81732D77341A004675D7 /* Resources */,
			);
			buildRules = (
			);
			dependencies = (
				8B0D817C2D77341A004675D7 /* PBXTargetDependency */,
			);
			name = UITestingDemo_UITests;
			productName = UITestingDemo_UITests;
			productReference = 8B0D81752D77341A004675D7 /* UITestingDemo_UITests.xctest */;
			productType = "com.apple.product-type.bundle.ui-testing";
		};
/* End PBXNativeTarget section */

/* Begin PBXProject section */
		8B0D81582D77337B004675D7 /* Project object */ = {
			isa = PBXProject;
			attributes = {
				BuildIndependentTargetsInParallel = 1;
				LastSwiftUpdateCheck = 1530;
				LastUpgradeCheck = 1530;
				TargetAttributes = {
					8B0D815F2D77337B004675D7 = {
						CreatedOnToolsVersion = 15.3;
					};
					8B0D81742D77341A004675D7 = {
						CreatedOnToolsVersion = 15.3;
						TestTargetID = 8B0D815F2D77337B004675D7;
					};
				};
			};
			buildConfigurationList = 8B0D815B2D77337B004675D7 /* Build configuration list for PBXProject "UITestingDemo" */;
			compatibilityVersion = "Xcode 14.0";
			developmentRegion = en;
			hasScannedForEncodings = 0;
			knownRegions = (
				en,
				Base,
			);
			mainGroup = 8B0D81572D77337B004675D7;
			productRefGroup = 8B0D81612D77337B004675D7 /* Products */;
			projectDirPath = "";
			projectRoot = "";
			targets = (
				8B0D815F2D77337B004675D7 /* UITestingDemo */,
				8B0D81742D77341A004675D7 /* UITestingDemo_UITests */,
			);
		};
/* End PBXProject section */

/* Begin PBXResourcesBuildPhase section */
		8B0D815E2D77337B004675D7 /* Resources */ = {
			isa = PBXResourcesBuildPhase;
			buildActionMask = 2147483647;
			files = (
				8B0D816B2D77337D004675D7 /* Preview Assets.xcassets in Resources */,
				8B0D81682D77337D004675D7 /* Assets.xcassets in Resources */,
			);
			runOnlyForDeploymentPostprocessing = 0;
		};
		8B0D81732D77341A004675D7 /* Resources */ = {
			isa = PBXResourcesBuildPhase;
			buildActionMask = 2147483647;
			files = (
			);
			runOnlyForDeploymentPostprocessing = 0;
		};
/* End PBXResourcesBuildPhase section */

/* Begin PBXSourcesBuildPhase section */
		8B0D815C2D77337B004675D7 /* Sources */ = {
			isa = PBXSourcesBuildPhase;
			buildActionMask = 2147483647;
			files = (
				8B0D81662D77337B004675D7 /* UITestingBootcampView.swift in Sources */,
				8B0D81642D77337B004675D7 /* UITestingDemoApp.swift in Sources */,
			);
			runOnlyForDeploymentPostprocessing = 0;
		};
		8B0D81712D77341A004675D7 /* Sources */ = {
			isa = PBXSourcesBuildPhase;
			buildActionMask = 2147483647;
			files = (
				8B0D817A2D77341A004675D7 /* UITestingDemo_UITestsLaunchTests.swift in Sources */,
				8B0D81812D77344E004675D7 /* UITestingBootcampView_UITests.swift in Sources */,
				8B0D81782D77341A004675D7 /* UITestingDemo_UITests.swift in Sources */,
			);
			runOnlyForDeploymentPostprocessing = 0;
		};
/* End PBXSourcesBuildPhase section */

/* Begin PBXTargetDependency section */
		8B0D817C2D77341A004675D7 /* PBXTargetDependency */ = {
			isa = PBXTargetDependency;
			target = 8B0D815F2D77337B004675D7 /* UITestingDemo */;
			targetProxy = 8B0D817B2D77341A004675D7 /* PBXContainerItemProxy */;
		};
/* End PBXTargetDependency section */

/* Begin XCBuildConfiguration section */
		8B0D816C2D77337D004675D7 /* Debug */ = {
			isa = XCBuildConfiguration;
			buildSettings = {
				ALWAYS_SEARCH_USER_PATHS = NO;
				ASSETCATALOG_COMPILER_GENERATE_SWIFT_ASSET_SYMBOL_EXTENSIONS = YES;
				CLANG_ANALYZER_NONNULL = YES;
				CLANG_ANALYZER_NUMBER_OBJECT_CONVERSION = YES_AGGRESSIVE;
				CLANG_CXX_LANGUAGE_STANDARD = "gnu++20";
				CLANG_ENABLE_MODULES = YES;
				CLANG_ENABLE_OBJC_ARC = YES;
				CLANG_ENABLE_OBJC_WEAK = YES;
				CLANG_WARN_BLOCK_CAPTURE_AUTORELEASING = YES;
				CLANG_WARN_BOOL_CONVERSION = YES;
				CLANG_WARN_COMMA = YES;
				CLANG_WARN_CONSTANT_CONVERSION = YES;
				CLANG_WARN_DEPRECATED_OBJC_IMPLEMENTATIONS = YES;
				CLANG_WARN_DIRECT_OBJC_ISA_USAGE = YES_ERROR;
				CLANG_WARN_DOCUMENTATION_COMMENTS = YES;
				CLANG_WARN_EMPTY_BODY = YES;
				CLANG_WARN_ENUM_CONVERSION = YES;
				CLANG_WARN_INFINITE_RECURSION = YES;
				CLANG_WARN_INT_CONVERSION = YES;
				CLANG_WARN_NON_LITERAL_NULL_CONVERSION = YES;
				CLANG_WARN_OBJC_IMPLICIT_RETAIN_SELF = YES;
				CLANG_WARN_OBJC_LITERAL_CONVERSION = YES;
				CLANG_WARN_OBJC_ROOT_CLASS = YES_ERROR;
				CLANG_WARN_QUOTED_INCLUDE_IN_FRAMEWORK_HEADER = YES;
				CLANG_WARN_RANGE_LOOP_ANALYSIS = YES;
				CLANG_WARN_STRICT_PROTOTYPES = YES;
				CLANG_WARN_SUSPICIOUS_MOVE = YES;
				CLANG_WARN_UNGUARDED_AVAILABILITY = YES_AGGRESSIVE;
				CLANG_WARN_UNREACHABLE_CODE = YES;
				CLANG_WARN__DUPLICATE_METHOD_MATCH = YES;
				COPY_PHASE_STRIP = NO;
				DEBUG_INFORMATION_FORMAT = dwarf;
				ENABLE_STRICT_OBJC_MSGSEND = YES;
				ENABLE_TESTABILITY = YES;
				ENABLE_USER_SCRIPT_SANDBOXING = YES;
				GCC_C_LANGUAGE_STANDARD = gnu17;
				GCC_DYNAMIC_NO_PIC = NO;
				GCC_NO_COMMON_BLOCKS = YES;
				GCC_OPTIMIZATION_LEVEL = 0;
				GCC_PREPROCESSOR_DEFINITIONS = (
					"DEBUG=1",
					"$(inherited)",
				);
				GCC_WARN_64_TO_32_BIT_CONVERSION = YES;
				GCC_WARN_ABOUT_RETURN_TYPE = YES_ERROR;
				GCC_WARN_UNDECLARED_SELECTOR = YES;
				GCC_WARN_UNINITIALIZED_AUTOS = YES_AGGRESSIVE;
				GCC_WARN_UNUSED_FUNCTION = YES;
				GCC_WARN_UNUSED_VARIABLE = YES;
				IPHONEOS_DEPLOYMENT_TARGET = 17.4;
				LOCALIZATION_PREFERS_STRING_CATALOGS = YES;
				MTL_ENABLE_DEBUG_INFO = INCLUDE_SOURCE;
				MTL_FAST_MATH = YES;
				ONLY_ACTIVE_ARCH = YES;
				SDKROOT = iphoneos;
				SWIFT_ACTIVE_COMPILATION_CONDITIONS = "DEBUG $(inherited)";
				SWIFT_OPTIMIZATION_LEVEL = "-Onone";
			};
			name = Debug;
		};
		8B0D816D2D77337D004675D7 /* Release */ = {
			isa = XCBuildConfiguration;
			buildSettings = {
				ALWAYS_SEARCH_USER_PATHS = NO;
				ASSETCATALOG_COMPILER_GENERATE_SWIFT_ASSET_SYMBOL_EXTENSIONS = YES;
				CLANG_ANALYZER_NONNULL = YES;
				CLANG_ANALYZER_NUMBER_OBJECT_CONVERSION = YES_AGGRESSIVE;
				CLANG_CXX_LANGUAGE_STANDARD = "gnu++20";
				CLANG_ENABLE_MODULES = YES;
				CLANG_ENABLE_OBJC_ARC = YES;
				CLANG_ENABLE_OBJC_WEAK = YES;
				CLANG_WARN_BLOCK_CAPTURE_AUTORELEASING = YES;
				CLANG_WARN_BOOL_CONVERSION = YES;
				CLANG_WARN_COMMA = YES;
				CLANG_WARN_CONSTANT_CONVERSION = YES;
				CLANG_WARN_DEPRECATED_OBJC_IMPLEMENTATIONS = YES;
				CLANG_WARN_DIRECT_OBJC_ISA_USAGE = YES_ERROR;
				CLANG_WARN_DOCUMENTATION_COMMENTS = YES;
				CLANG_WARN_EMPTY_BODY = YES;
				CLANG_WARN_ENUM_CONVERSION = YES;
				CLANG_WARN_INFINITE_RECURSION = YES;
				CLANG_WARN_INT_CONVERSION = YES;
				CLANG_WARN_NON_LITERAL_NULL_CONVERSION = YES;
				CLANG_WARN_OBJC_IMPLICIT_RETAIN_SELF = YES;
				CLANG_WARN_OBJC_LITERAL_CONVERSION = YES;
				CLANG_WARN_OBJC_ROOT_CLASS = YES_ERROR;
				CLANG_WARN_QUOTED_INCLUDE_IN_FRAMEWORK_HEADER = YES;
				CLANG_WARN_RANGE_LOOP_ANALYSIS = YES;
				CLANG_WARN_STRICT_PROTOTYPES = YES;
				CLANG_WARN_SUSPICIOUS_MOVE = YES;
				CLANG_WARN_UNGUARDED_AVAILABILITY = YES_AGGRESSIVE;
				CLANG_WARN_UNREACHABLE_CODE = YES;
				CLANG_WARN__DUPLICATE_METHOD_MATCH = YES;
				COPY_PHASE_STRIP = NO;
				DEBUG_INFORMATION_FORMAT = "dwarf-with-dsym";
				ENABLE_NS_ASSERTIONS = NO;
				ENABLE_STRICT_OBJC_MSGSEND = YES;
				ENABLE_USER_SCRIPT_SANDBOXING = YES;
				GCC_C_LANGUAGE_STANDARD = gnu17;
				GCC_NO_COMMON_BLOCKS = YES;
				GCC_WARN_64_TO_32_BIT_CONVERSION = YES;
				GCC_WARN_ABOUT_RETURN_TYPE = YES_ERROR;
				GCC_WARN_UNDECLARED_SELECTOR = YES;
				GCC_WARN_UNINITIALIZED_AUTOS = YES_AGGRESSIVE;
				GCC_WARN_UNUSED_FUNCTION = YES;
				GCC_WARN_UNUSED_VARIABLE = YES;
				IPHONEOS_DEPLOYMENT_TARGET = 17.4;
				LOCALIZATION_PREFERS_STRING_CATALOGS = YES;
				MTL_ENABLE_DEBUG_INFO = NO;
				MTL_FAST_MATH = YES;
				SDKROOT = iphoneos;
				SWIFT_COMPILATION_MODE = wholemodule;
				VALIDATE_PRODUCT = YES;
			};
			name = Release;
		};
		8B0D816F2D77337D004675D7 /* Debug */ = {
			isa = XCBuildConfiguration;
			buildSettings = {
				ASSETCATALOG_COMPILER_APPICON_NAME = AppIcon;
				ASSETCATALOG_COMPILER_GLOBAL_ACCENT_COLOR_NAME = AccentColor;
				CODE_SIGN_STYLE = Automatic;
				CURRENT_PROJECT_VERSION = 1;
				DEVELOPMENT_ASSET_PATHS = "\"UITestingDemo/Preview Content\"";
				DEVELOPMENT_TEAM = U98MB87JNM;
				ENABLE_PREVIEWS = YES;
				GENERATE_INFOPLIST_FILE = YES;
				INFOPLIST_KEY_UIApplicationSceneManifest_Generation = YES;
				INFOPLIST_KEY_UIApplicationSupportsIndirectInputEvents = YES;
				INFOPLIST_KEY_UILaunchScreen_Generation = YES;
				INFOPLIST_KEY_UISupportedInterfaceOrientations_iPad = "UIInterfaceOrientationPortrait UIInterfaceOrientationPortraitUpsideDown UIInterfaceOrientationLandscapeLeft UIInterfaceOrientationLandscapeRight";
				INFOPLIST_KEY_UISupportedInterfaceOrientations_iPhone = "UIInterfaceOrientationPortrait UIInterfaceOrientationLandscapeLeft UIInterfaceOrientationLandscapeRight";
				LD_RUNPATH_SEARCH_PATHS = (
					"$(inherited)",
					"@executable_path/Frameworks",
				);
				MARKETING_VERSION = 1.0;
				PRODUCT_BUNDLE_IDENTIFIER = com.Trianglz.UITestingDemo;
				PRODUCT_NAME = "$(TARGET_NAME)";
				SWIFT_EMIT_LOC_STRINGS = YES;
				SWIFT_VERSION = 5.0;
				TARGETED_DEVICE_FAMILY = "1,2";
			};
			name = Debug;
		};
		8B0D81702D77337D004675D7 /* Release */ = {
			isa = XCBuildConfiguration;
			buildSettings = {
				ASSETCATALOG_COMPILER_APPICON_NAME = AppIcon;
				ASSETCATALOG_COMPILER_GLOBAL_ACCENT_COLOR_NAME = AccentColor;
				CODE_SIGN_STYLE = Automatic;
				CURRENT_PROJECT_VERSION = 1;
				DEVELOPMENT_ASSET_PATHS = "\"UITestingDemo/Preview Content\"";
				DEVELOPMENT_TEAM = U98MB87JNM;
				ENABLE_PREVIEWS = YES;
				GENERATE_INFOPLIST_FILE = YES;
				INFOPLIST_KEY_UIApplicationSceneManifest_Generation = YES;
				INFOPLIST_KEY_UIApplicationSupportsIndirectInputEvents = YES;
				INFOPLIST_KEY_UILaunchScreen_Generation = YES;
				INFOPLIST_KEY_UISupportedInterfaceOrientations_iPad = "UIInterfaceOrientationPortrait UIInterfaceOrientationPortraitUpsideDown UIInterfaceOrientationLandscapeLeft UIInterfaceOrientationLandscapeRight";
				INFOPLIST_KEY_UISupportedInterfaceOrientations_iPhone = "UIInterfaceOrientationPortrait UIInterfaceOrientationLandscapeLeft UIInterfaceOrientationLandscapeRight";
				LD_RUNPATH_SEARCH_PATHS = (
					"$(inherited)",
					"@executable_path/Frameworks",
				);
				MARKETING_VERSION = 1.0;
				PRODUCT_BUNDLE_IDENTIFIER = com.Trianglz.UITestingDemo;
				PRODUCT_NAME = "$(TARGET_NAME)";
				SWIFT_EMIT_LOC_STRINGS = YES;
				SWIFT_VERSION = 5.0;
				TARGETED_DEVICE_FAMILY = "1,2";
			};
			name = Release;
		};
		8B0D817E2D77341A004675D7 /* Debug */ = {
			isa = XCBuildConfiguration;
			buildSettings = {
				CODE_SIGN_STYLE = Automatic;
				CURRENT_PROJECT_VERSION = 1;
				DEVELOPMENT_TEAM = U98MB87JNM;
				GENERATE_INFOPLIST_FILE = YES;
				MARKETING_VERSION = 1.0;
				PRODUCT_BUNDLE_IDENTIFIER = "com.Trianglz.UITestingDemo-UITests";
				PRODUCT_NAME = "$(TARGET_NAME)";
				SWIFT_EMIT_LOC_STRINGS = NO;
				SWIFT_VERSION = 5.0;
				TARGETED_DEVICE_FAMILY = "1,2";
				TEST_TARGET_NAME = UITestingDemo;
			};
			name = Debug;
		};
		8B0D817F2D77341A004675D7 /* Release */ = {
			isa = XCBuildConfiguration;
			buildSettings = {
				CODE_SIGN_STYLE = Automatic;
				CURRENT_PROJECT_VERSION = 1;
				DEVELOPMENT_TEAM = U98MB87JNM;
				GENERATE_INFOPLIST_FILE = YES;
				MARKETING_VERSION = 1.0;
				PRODUCT_BUNDLE_IDENTIFIER = "com.Trianglz.UITestingDemo-UITests";
				PRODUCT_NAME = "$(TARGET_NAME)";
				SWIFT_EMIT_LOC_STRINGS = NO;
				SWIFT_VERSION = 5.0;
				TARGETED_DEVICE_FAMILY = "1,2";
				TEST_TARGET_NAME = UITestingDemo;
			};
			name = Release;
		};
/* End XCBuildConfiguration section */

/* Begin XCConfigurationList section */
		8B0D815B2D77337B004675D7 /* Build configuration list for PBXProject "UITestingDemo" */ = {
			isa = XCConfigurationList;
			buildConfigurations = (
				8B0D816C2D77337D004675D7 /* Debug */,
				8B0D816D2D77337D004675D7 /* Release */,
			);
			defaultConfigurationIsVisible = 0;
			defaultConfigurationName = Release;
		};
		8B0D816E2D77337D004675D7 /* Build configuration list for PBXNativeTarget "UITestingDemo" */ = {
			isa = XCConfigurationList;
			buildConfigurations = (
				8B0D816F2D77337D004675D7 /* Debug */,
				8B0D81702D77337D004675D7 /* Release */,
			);
			defaultConfigurationIsVisible = 0;
			defaultConfigurationName = Release;
		};
		8B0D817D2D77341A004675D7 /* Build configuration list for PBXNativeTarget "UITestingDemo_UITests" */ = {
			isa = XCConfigurationList;
			buildConfigurations = (
				8B0D817E2D77341A004675D7 /* Debug */,
				8B0D817F2D77341A004675D7 /* Release */,
			);
			defaultConfigurationIsVisible = 0;
			defaultConfigurationName = Release;
		};
/* End XCConfigurationList section */
	};
	rootObject = 8B0D81582D77337B004675D7 /* Project object */;
}
